// !$*UTF8*$!
{
	archiveVersion = 1;
	classes = {
	};
	objectVersion = 55;
	objects = {

/* Begin PBXBuildFile section */
		88788BC727B0B8390022F59C /* ArtistCell.swift in Sources */ = {isa = PBXBuildFile; fileRef = 88788BC527B0B8390022F59C /* ArtistCell.swift */; };
		88788BC827B0B8390022F59C /* ArtistCell.xib in Resources */ = {isa = PBXBuildFile; fileRef = 88788BC627B0B8390022F59C /* ArtistCell.xib */; };
		8878DBB827B0B2A300676D03 /* AppDelegate.swift in Sources */ = {isa = PBXBuildFile; fileRef = 8878DBB727B0B2A300676D03 /* AppDelegate.swift */; };
		8878DBBA27B0B2A300676D03 /* SceneDelegate.swift in Sources */ = {isa = PBXBuildFile; fileRef = 8878DBB927B0B2A300676D03 /* SceneDelegate.swift */; };
		8878DBBC27B0B2A300676D03 /* ViewController.swift in Sources */ = {isa = PBXBuildFile; fileRef = 8878DBBB27B0B2A300676D03 /* ViewController.swift */; };
		8878DBBF27B0B2A300676D03 /* Main.storyboard in Resources */ = {isa = PBXBuildFile; fileRef = 8878DBBD27B0B2A300676D03 /* Main.storyboard */; };
		8878DBC127B0B2A700676D03 /* Assets.xcassets in Resources */ = {isa = PBXBuildFile; fileRef = 8878DBC027B0B2A700676D03 /* Assets.xcassets */; };
		8878DBC427B0B2A700676D03 /* LaunchScreen.storyboard in Resources */ = {isa = PBXBuildFile; fileRef = 8878DBC227B0B2A700676D03 /* LaunchScreen.storyboard */; };
		8878DBCE27B0B4FF00676D03 /* MainView.swift in Sources */ = {isa = PBXBuildFile; fileRef = 8878DBCC27B0B4FF00676D03 /* MainView.swift */; };
		8878DBCF27B0B4FF00676D03 /* MainView.xib in Resources */ = {isa = PBXBuildFile; fileRef = 8878DBCD27B0B4FF00676D03 /* MainView.xib */; };
		E8EAF50FD34F3802971218F4 /* Pods_spotifiy_app.framework in Frameworks */ = {isa = PBXBuildFile; fileRef = EB093CBAD6883955A2DD01B3 /* Pods_spotifiy_app.framework */; };
/* End PBXBuildFile section */

/* Begin PBXFileReference section */
		1E45BBAA2A03D39D2AE6EE5F /* Pods-spotifiy-app.debug.xcconfig */ = {isa = PBXFileReference; includeInIndex = 1; lastKnownFileType = text.xcconfig; name = "Pods-spotifiy-app.debug.xcconfig"; path = "Target Support Files/Pods-spotifiy-app/Pods-spotifiy-app.debug.xcconfig"; sourceTree = "<group>"; };
		389AFAC6A8637181312F95EB /* Pods-spotifiy-app.release.xcconfig */ = {isa = PBXFileReference; includeInIndex = 1; lastKnownFileType = text.xcconfig; name = "Pods-spotifiy-app.release.xcconfig"; path = "Target Support Files/Pods-spotifiy-app/Pods-spotifiy-app.release.xcconfig"; sourceTree = "<group>"; };
		88788BC527B0B8390022F59C /* ArtistCell.swift */ = {isa = PBXFileReference; lastKnownFileType = sourcecode.swift; path = ArtistCell.swift; sourceTree = "<group>"; };
		88788BC627B0B8390022F59C /* ArtistCell.xib */ = {isa = PBXFileReference; lastKnownFileType = file.xib; path = ArtistCell.xib; sourceTree = "<group>"; };
		8878DBB427B0B2A300676D03 /* spotifiy-app.app */ = {isa = PBXFileReference; explicitFileType = wrapper.application; includeInIndex = 0; path = "spotifiy-app.app"; sourceTree = BUILT_PRODUCTS_DIR; };
		8878DBB727B0B2A300676D03 /* AppDelegate.swift */ = {isa = PBXFileReference; lastKnownFileType = sourcecode.swift; path = AppDelegate.swift; sourceTree = "<group>"; };
		8878DBB927B0B2A300676D03 /* SceneDelegate.swift */ = {isa = PBXFileReference; lastKnownFileType = sourcecode.swift; path = SceneDelegate.swift; sourceTree = "<group>"; };
		8878DBBB27B0B2A300676D03 /* ViewController.swift */ = {isa = PBXFileReference; lastKnownFileType = sourcecode.swift; path = ViewController.swift; sourceTree = "<group>"; };
		8878DBBE27B0B2A300676D03 /* Base */ = {isa = PBXFileReference; lastKnownFileType = file.storyboard; name = Base; path = Base.lproj/Main.storyboard; sourceTree = "<group>"; };
		8878DBC027B0B2A700676D03 /* Assets.xcassets */ = {isa = PBXFileReference; lastKnownFileType = folder.assetcatalog; path = Assets.xcassets; sourceTree = "<group>"; };
		8878DBC327B0B2A700676D03 /* Base */ = {isa = PBXFileReference; lastKnownFileType = file.storyboard; name = Base; path = Base.lproj/LaunchScreen.storyboard; sourceTree = "<group>"; };
		8878DBC527B0B2A700676D03 /* Info.plist */ = {isa = PBXFileReference; lastKnownFileType = text.plist.xml; path = Info.plist; sourceTree = "<group>"; };
		8878DBCC27B0B4FF00676D03 /* MainView.swift */ = {isa = PBXFileReference; lastKnownFileType = sourcecode.swift; path = MainView.swift; sourceTree = "<group>"; };
		8878DBCD27B0B4FF00676D03 /* MainView.xib */ = {isa = PBXFileReference; lastKnownFileType = file.xib; path = MainView.xib; sourceTree = "<group>"; };
		EB093CBAD6883955A2DD01B3 /* Pods_spotifiy_app.framework */ = {isa = PBXFileReference; explicitFileType = wrapper.framework; includeInIndex = 0; path = Pods_spotifiy_app.framework; sourceTree = BUILT_PRODUCTS_DIR; };
/* End PBXFileReference section */

/* Begin PBXFrameworksBuildPhase section */
		8878DBB127B0B2A300676D03 /* Frameworks */ = {
			isa = PBXFrameworksBuildPhase;
			buildActionMask = 2147483647;
			files = (
				E8EAF50FD34F3802971218F4 /* Pods_spotifiy_app.framework in Frameworks */,
			);
			runOnlyForDeploymentPostprocessing = 0;
		};
/* End PBXFrameworksBuildPhase section */

/* Begin PBXGroup section */
		1C30229DBDC6D1F11EC1B8C0 /* Frameworks */ = {
			isa = PBXGroup;
			children = (
				EB093CBAD6883955A2DD01B3 /* Pods_spotifiy_app.framework */,
			);
			name = Frameworks;
			sourceTree = "<group>";
		};
		877AA9F3CE03FFBE95010DB9 /* Pods */ = {
			isa = PBXGroup;
			children = (
				1E45BBAA2A03D39D2AE6EE5F /* Pods-spotifiy-app.debug.xcconfig */,
				389AFAC6A8637181312F95EB /* Pods-spotifiy-app.release.xcconfig */,
			);
			path = Pods;
			sourceTree = "<group>";
		};
		88788BC427B0B81A0022F59C /* Cell */ = {
			isa = PBXGroup;
			children = (
				88788BC527B0B8390022F59C /* ArtistCell.swift */,
				88788BC627B0B8390022F59C /* ArtistCell.xib */,
			);
			path = Cell;
			sourceTree = "<group>";
		};
		8878DBAB27B0B2A300676D03 = {
			isa = PBXGroup;
			children = (
				8878DBB627B0B2A300676D03 /* spotifiy-app */,
				8878DBB527B0B2A300676D03 /* Products */,
				877AA9F3CE03FFBE95010DB9 /* Pods */,
				1C30229DBDC6D1F11EC1B8C0 /* Frameworks */,
			);
			sourceTree = "<group>";
		};
		8878DBB527B0B2A300676D03 /* Products */ = {
			isa = PBXGroup;
			children = (
				8878DBB427B0B2A300676D03 /* spotifiy-app.app */,
			);
			name = Products;
			sourceTree = "<group>";
		};
		8878DBB627B0B2A300676D03 /* spotifiy-app */ = {
			isa = PBXGroup;
			children = (
				8878DBCB27B0B4D000676D03 /* Use Cases */,
				8878DBB727B0B2A300676D03 /* AppDelegate.swift */,
				8878DBB927B0B2A300676D03 /* SceneDelegate.swift */,
				8878DBBB27B0B2A300676D03 /* ViewController.swift */,
				8878DBBD27B0B2A300676D03 /* Main.storyboard */,
				8878DBC027B0B2A700676D03 /* Assets.xcassets */,
				8878DBC227B0B2A700676D03 /* LaunchScreen.storyboard */,
				8878DBC527B0B2A700676D03 /* Info.plist */,
			);
			path = "spotifiy-app";
			sourceTree = "<group>";
		};
		8878DBCB27B0B4D000676D03 /* Use Cases */ = {
			isa = PBXGroup;
			children = (
				8878DBD027B0B50500676D03 /* Main */,
			);
			path = "Use Cases";
			sourceTree = "<group>";
		};
		8878DBD027B0B50500676D03 /* Main */ = {
			isa = PBXGroup;
			children = (
				8878DBD127B0B51000676D03 /* Controllers */,
				8878DBD227B0B51B00676D03 /* View */,
			);
			path = Main;
			sourceTree = "<group>";
		};
		8878DBD127B0B51000676D03 /* Controllers */ = {
			isa = PBXGroup;
			children = (
				8878DBCC27B0B4FF00676D03 /* MainView.swift */,
			);
			path = Controllers;
			sourceTree = "<group>";
		};
		8878DBD227B0B51B00676D03 /* View */ = {
			isa = PBXGroup;
			children = (
				88788BC427B0B81A0022F59C /* Cell */,
				8878DBCD27B0B4FF00676D03 /* MainView.xib */,
			);
			path = View;
			sourceTree = "<group>";
		};
/* End PBXGroup section */

/* Begin PBXNativeTarget section */
		8878DBB327B0B2A300676D03 /* spotifiy-app */ = {
			isa = PBXNativeTarget;
			buildConfigurationList = 8878DBC827B0B2A700676D03 /* Build configuration list for PBXNativeTarget "spotifiy-app" */;
			buildPhases = (
				56234C87570480CC3AE67E6E /* [CP] Check Pods Manifest.lock */,
				8878DBB027B0B2A300676D03 /* Sources */,
				8878DBB127B0B2A300676D03 /* Frameworks */,
				8878DBB227B0B2A300676D03 /* Resources */,
				D0A6A540D7E05620D0FF2B4F /* [CP] Embed Pods Frameworks */,
			);
			buildRules = (
			);
			dependencies = (
			);
			name = "spotifiy-app";
			productName = "spotifiy-app";
			productReference = 8878DBB427B0B2A300676D03 /* spotifiy-app.app */;
			productType = "com.apple.product-type.application";
		};
/* End PBXNativeTarget section */

/* Begin PBXProject section */
		8878DBAC27B0B2A300676D03 /* Project object */ = {
			isa = PBXProject;
			attributes = {
				BuildIndependentTargetsInParallel = 1;
				LastSwiftUpdateCheck = 1320;
				LastUpgradeCheck = 1320;
				TargetAttributes = {
					8878DBB327B0B2A300676D03 = {
						CreatedOnToolsVersion = 13.2.1;
					};
				};
			};
			buildConfigurationList = 8878DBAF27B0B2A300676D03 /* Build configuration list for PBXProject "spotifiy-app" */;
			compatibilityVersion = "Xcode 13.0";
			developmentRegion = en;
			hasScannedForEncodings = 0;
			knownRegions = (
				en,
				Base,
			);
			mainGroup = 8878DBAB27B0B2A300676D03;
			productRefGroup = 8878DBB527B0B2A300676D03 /* Products */;
			projectDirPath = "";
			projectRoot = "";
			targets = (
				8878DBB327B0B2A300676D03 /* spotifiy-app */,
			);
		};
/* End PBXProject section */

/* Begin PBXResourcesBuildPhase section */
		8878DBB227B0B2A300676D03 /* Resources */ = {
			isa = PBXResourcesBuildPhase;
			buildActionMask = 2147483647;
			files = (
				88788BC827B0B8390022F59C /* ArtistCell.xib in Resources */,
				8878DBC427B0B2A700676D03 /* LaunchScreen.storyboard in Resources */,
				8878DBCF27B0B4FF00676D03 /* MainView.xib in Resources */,
				8878DBC127B0B2A700676D03 /* Assets.xcassets in Resources */,
				8878DBBF27B0B2A300676D03 /* Main.storyboard in Resources */,
			);
			runOnlyForDeploymentPostprocessing = 0;
		};
/* End PBXResourcesBuildPhase section */

/* Begin PBXShellScriptBuildPhase section */
		56234C87570480CC3AE67E6E /* [CP] Check Pods Manifest.lock */ = {
			isa = PBXShellScriptBuildPhase;
			buildActionMask = 2147483647;
			files = (
			);
			inputFileListPaths = (
			);
			inputPaths = (
				"${PODS_PODFILE_DIR_PATH}/Podfile.lock",
				"${PODS_ROOT}/Manifest.lock",
			);
			name = "[CP] Check Pods Manifest.lock";
			outputFileListPaths = (
			);
			outputPaths = (
				"$(DERIVED_FILE_DIR)/Pods-spotifiy-app-checkManifestLockResult.txt",
			);
			runOnlyForDeploymentPostprocessing = 0;
			shellPath = /bin/sh;
			shellScript = "diff \"${PODS_PODFILE_DIR_PATH}/Podfile.lock\" \"${PODS_ROOT}/Manifest.lock\" > /dev/null\nif [ $? != 0 ] ; then\n    # print error to STDERR\n    echo \"error: The sandbox is not in sync with the Podfile.lock. Run 'pod install' or update your CocoaPods installation.\" >&2\n    exit 1\nfi\n# This output is used by Xcode 'outputs' to avoid re-running this script phase.\necho \"SUCCESS\" > \"${SCRIPT_OUTPUT_FILE_0}\"\n";
			showEnvVarsInLog = 0;
		};
		D0A6A540D7E05620D0FF2B4F /* [CP] Embed Pods Frameworks */ = {
			isa = PBXShellScriptBuildPhase;
			buildActionMask = 2147483647;
			files = (
			);
			inputFileListPaths = (
				"${PODS_ROOT}/Target Support Files/Pods-spotifiy-app/Pods-spotifiy-app-frameworks-${CONFIGURATION}-input-files.xcfilelist",
			);
			name = "[CP] Embed Pods Frameworks";
			outputFileListPaths = (
				"${PODS_ROOT}/Target Support Files/Pods-spotifiy-app/Pods-spotifiy-app-frameworks-${CONFIGURATION}-output-files.xcfilelist",
			);
			runOnlyForDeploymentPostprocessing = 0;
			shellPath = /bin/sh;
			shellScript = "\"${PODS_ROOT}/Target Support Files/Pods-spotifiy-app/Pods-spotifiy-app-frameworks.sh\"\n";
			showEnvVarsInLog = 0;
		};
/* End PBXShellScriptBuildPhase section */

/* Begin PBXSourcesBuildPhase section */
		8878DBB027B0B2A300676D03 /* Sources */ = {
			isa = PBXSourcesBuildPhase;
			buildActionMask = 2147483647;
			files = (
				8878DBBC27B0B2A300676D03 /* ViewController.swift in Sources */,
				8878DBCE27B0B4FF00676D03 /* MainView.swift in Sources */,
				8878DBB827B0B2A300676D03 /* AppDelegate.swift in Sources */,
				88788BC727B0B8390022F59C /* ArtistCell.swift in Sources */,
				8878DBBA27B0B2A300676D03 /* SceneDelegate.swift in Sources */,
			);
			runOnlyForDeploymentPostprocessing = 0;
		};
/* End PBXSourcesBuildPhase section */

/* Begin PBXVariantGroup section */
		8878DBBD27B0B2A300676D03 /* Main.storyboard */ = {
			isa = PBXVariantGroup;
			children = (
				8878DBBE27B0B2A300676D03 /* Base */,
			);
			name = Main.storyboard;
			sourceTree = "<group>";
		};
		8878DBC227B0B2A700676D03 /* LaunchScreen.storyboard */ = {
			isa = PBXVariantGroup;
			children = (
				8878DBC327B0B2A700676D03 /* Base */,
			);
			name = LaunchScreen.storyboard;
			sourceTree = "<group>";
		};
/* End PBXVariantGroup section */

/* Begin XCBuildConfiguration section */
		8878DBC627B0B2A700676D03 /* Debug */ = {
			isa = XCBuildConfiguration;
			buildSettings = {
				ALWAYS_SEARCH_USER_PATHS = NO;
				CLANG_ANALYZER_NONNULL = YES;
				CLANG_ANALYZER_NUMBER_OBJECT_CONVERSION = YES_AGGRESSIVE;
				CLANG_CXX_LANGUAGE_STANDARD = "gnu++17";
				CLANG_CXX_LIBRARY = "libc++";
				CLANG_ENABLE_MODULES = YES;
				CLANG_ENABLE_OBJC_ARC = YES;
				CLANG_ENABLE_OBJC_WEAK = YES;
				CLANG_WARN_BLOCK_CAPTURE_AUTORELEASING = YES;
				CLANG_WARN_BOOL_CONVERSION = YES;
				CLANG_WARN_COMMA = YES;
				CLANG_WARN_CONSTANT_CONVERSION = YES;
				CLANG_WARN_DEPRECATED_OBJC_IMPLEMENTATIONS = YES;
				CLANG_WARN_DIRECT_OBJC_ISA_USAGE = YES_ERROR;
				CLANG_WARN_DOCUMENTATION_COMMENTS = YES;
				CLANG_WARN_EMPTY_BODY = YES;
				CLANG_WARN_ENUM_CONVERSION = YES;
				CLANG_WARN_INFINITE_RECURSION = YES;
				CLANG_WARN_INT_CONVERSION = YES;
				CLANG_WARN_NON_LITERAL_NULL_CONVERSION = YES;
				CLANG_WARN_OBJC_IMPLICIT_RETAIN_SELF = YES;
				CLANG_WARN_OBJC_LITERAL_CONVERSION = YES;
				CLANG_WARN_OBJC_ROOT_CLASS = YES_ERROR;
				CLANG_WARN_QUOTED_INCLUDE_IN_FRAMEWORK_HEADER = YES;
				CLANG_WARN_RANGE_LOOP_ANALYSIS = YES;
				CLANG_WARN_STRICT_PROTOTYPES = YES;
				CLANG_WARN_SUSPICIOUS_MOVE = YES;
				CLANG_WARN_UNGUARDED_AVAILABILITY = YES_AGGRESSIVE;
				CLANG_WARN_UNREACHABLE_CODE = YES;
				CLANG_WARN__DUPLICATE_METHOD_MATCH = YES;
				COPY_PHASE_STRIP = NO;
				DEBUG_INFORMATION_FORMAT = dwarf;
				ENABLE_STRICT_OBJC_MSGSEND = YES;
				ENABLE_TESTABILITY = YES;
				GCC_C_LANGUAGE_STANDARD = gnu11;
				GCC_DYNAMIC_NO_PIC = NO;
				GCC_NO_COMMON_BLOCKS = YES;
				GCC_OPTIMIZATION_LEVEL = 0;
				GCC_PREPROCESSOR_DEFINITIONS = (
					"DEBUG=1",
					"$(inherited)",
				);
				GCC_WARN_64_TO_32_BIT_CONVERSION = YES;
				GCC_WARN_ABOUT_RETURN_TYPE = YES_ERROR;
				GCC_WARN_UNDECLARED_SELECTOR = YES;
				GCC_WARN_UNINITIALIZED_AUTOS = YES_AGGRESSIVE;
				GCC_WARN_UNUSED_FUNCTION = YES;
				GCC_WARN_UNUSED_VARIABLE = YES;
				IPHONEOS_DEPLOYMENT_TARGET = 15.2;
				MTL_ENABLE_DEBUG_INFO = INCLUDE_SOURCE;
				MTL_FAST_MATH = YES;
				ONLY_ACTIVE_ARCH = YES;
				SDKROOT = iphoneos;
				SWIFT_ACTIVE_COMPILATION_CONDITIONS = DEBUG;
				SWIFT_OPTIMIZATION_LEVEL = "-Onone";
			};
			name = Debug;
		};
		8878DBC727B0B2A700676D03 /* Release */ = {
			isa = XCBuildConfiguration;
			buildSettings = {
				ALWAYS_SEARCH_USER_PATHS = NO;
				CLANG_ANALYZER_NONNULL = YES;
				CLANG_ANALYZER_NUMBER_OBJECT_CONVERSION = YES_AGGRESSIVE;
				CLANG_CXX_LANGUAGE_STANDARD = "gnu++17";
				CLANG_CXX_LIBRARY = "libc++";
				CLANG_ENABLE_MODULES = YES;
				CLANG_ENABLE_OBJC_ARC = YES;
				CLANG_ENABLE_OBJC_WEAK = YES;
				CLANG_WARN_BLOCK_CAPTURE_AUTORELEASING = YES;
				CLANG_WARN_BOOL_CONVERSION = YES;
				CLANG_WARN_COMMA = YES;
				CLANG_WARN_CONSTANT_CONVERSION = YES;
				CLANG_WARN_DEPRECATED_OBJC_IMPLEMENTATIONS = YES;
				CLANG_WARN_DIRECT_OBJC_ISA_USAGE = YES_ERROR;
				CLANG_WARN_DOCUMENTATION_COMMENTS = YES;
				CLANG_WARN_EMPTY_BODY = YES;
				CLANG_WARN_ENUM_CONVERSION = YES;
				CLANG_WARN_INFINITE_RECURSION = YES;
				CLANG_WARN_INT_CONVERSION = YES;
				CLANG_WARN_NON_LITERAL_NULL_CONVERSION = YES;
				CLANG_WARN_OBJC_IMPLICIT_RETAIN_SELF = YES;
				CLANG_WARN_OBJC_LITERAL_CONVERSION = YES;
				CLANG_WARN_OBJC_ROOT_CLASS = YES_ERROR;
				CLANG_WARN_QUOTED_INCLUDE_IN_FRAMEWORK_HEADER = YES;
				CLANG_WARN_RANGE_LOOP_ANALYSIS = YES;
				CLANG_WARN_STRICT_PROTOTYPES = YES;
				CLANG_WARN_SUSPICIOUS_MOVE = YES;
				CLANG_WARN_UNGUARDED_AVAILABILITY = YES_AGGRESSIVE;
				CLANG_WARN_UNREACHABLE_CODE = YES;
				CLANG_WARN__DUPLICATE_METHOD_MATCH = YES;
				COPY_PHASE_STRIP = NO;
				DEBUG_INFORMATION_FORMAT = "dwarf-with-dsym";
				ENABLE_NS_ASSERTIONS = NO;
				ENABLE_STRICT_OBJC_MSGSEND = YES;
				GCC_C_LANGUAGE_STANDARD = gnu11;
				GCC_NO_COMMON_BLOCKS = YES;
				GCC_WARN_64_TO_32_BIT_CONVERSION = YES;
				GCC_WARN_ABOUT_RETURN_TYPE = YES_ERROR;
				GCC_WARN_UNDECLARED_SELECTOR = YES;
				GCC_WARN_UNINITIALIZED_AUTOS = YES_AGGRESSIVE;
				GCC_WARN_UNUSED_FUNCTION = YES;
				GCC_WARN_UNUSED_VARIABLE = YES;
				IPHONEOS_DEPLOYMENT_TARGET = 15.2;
				MTL_ENABLE_DEBUG_INFO = NO;
				MTL_FAST_MATH = YES;
				SDKROOT = iphoneos;
				SWIFT_COMPILATION_MODE = wholemodule;
				SWIFT_OPTIMIZATION_LEVEL = "-O";
				VALIDATE_PRODUCT = YES;
			};
			name = Release;
		};
		8878DBC927B0B2A700676D03 /* Debug */ = {
			isa = XCBuildConfiguration;
			baseConfigurationReference = 1E45BBAA2A03D39D2AE6EE5F /* Pods-spotifiy-app.debug.xcconfig */;
			buildSettings = {
				ASSETCATALOG_COMPILER_APPICON_NAME = AppIcon;
				ASSETCATALOG_COMPILER_GLOBAL_ACCENT_COLOR_NAME = AccentColor;
				CODE_SIGN_STYLE = Automatic;
				CURRENT_PROJECT_VERSION = 1;
				DEVELOPMENT_TEAM = MMDTV8J5UC;
				GENERATE_INFOPLIST_FILE = YES;
				INFOPLIST_FILE = "spotifiy-app/Info.plist";
				INFOPLIST_KEY_UIApplicationSupportsIndirectInputEvents = YES;
				INFOPLIST_KEY_UILaunchStoryboardName = LaunchScreen;
				INFOPLIST_KEY_UIMainStoryboardFile = Main;
				INFOPLIST_KEY_UISupportedInterfaceOrientations_iPad = "UIInterfaceOrientationPortrait UIInterfaceOrientationPortraitUpsideDown UIInterfaceOrientationLandscapeLeft UIInterfaceOrientationLandscapeRight";
				INFOPLIST_KEY_UISupportedInterfaceOrientations_iPhone = "UIInterfaceOrientationPortrait UIInterfaceOrientationLandscapeLeft UIInterfaceOrientationLandscapeRight";
				LD_RUNPATH_SEARCH_PATHS = (
					"$(inherited)",
					"@executable_path/Frameworks",
				);
				MARKETING_VERSION = 1.0;
				PRODUCT_BUNDLE_IDENTIFIER = "com.rodrigotorres.spotifiy-app";
				PRODUCT_NAME = "$(TARGET_NAME)";
				SWIFT_EMIT_LOC_STRINGS = YES;
				SWIFT_VERSION = 5.0;
				TARGETED_DEVICE_FAMILY = "1,2";
			};
			name = Debug;
		};
		8878DBCA27B0B2A700676D03 /* Release */ = {
			isa = XCBuildConfiguration;
			baseConfigurationReference = 389AFAC6A8637181312F95EB /* Pods-spotifiy-app.release.xcconfig */;
			buildSettings = {
				ASSETCATALOG_COMPILER_APPICON_NAME = AppIcon;
				ASSETCATALOG_COMPILER_GLOBAL_ACCENT_COLOR_NAME = AccentColor;
				CODE_SIGN_STYLE = Automatic;
				CURRENT_PROJECT_VERSION = 1;
				DEVELOPMENT_TEAM = MMDTV8J5UC;
				GENERATE_INFOPLIST_FILE = YES;
				INFOPLIST_FILE = "spotifiy-app/Info.plist";
				INFOPLIST_KEY_UIApplicationSupportsIndirectInputEvents = YES;
				INFOPLIST_KEY_UILaunchStoryboardName = LaunchScreen;
				INFOPLIST_KEY_UIMainStoryboardFile = Main;
				INFOPLIST_KEY_UISupportedInterfaceOrientations_iPad = "UIInterfaceOrientationPortrait UIInterfaceOrientationPortraitUpsideDown UIInterfaceOrientationLandscapeLeft UIInterfaceOrientationLandscapeRight";
				INFOPLIST_KEY_UISupportedInterfaceOrientations_iPhone = "UIInterfaceOrientationPortrait UIInterfaceOrientationLandscapeLeft UIInterfaceOrientationLandscapeRight";
				LD_RUNPATH_SEARCH_PATHS = (
					"$(inherited)",
					"@executable_path/Frameworks",
				);
				MARKETING_VERSION = 1.0;
				PRODUCT_BUNDLE_IDENTIFIER = "com.rodrigotorres.spotifiy-app";
				PRODUCT_NAME = "$(TARGET_NAME)";
				SWIFT_EMIT_LOC_STRINGS = YES;
				SWIFT_VERSION = 5.0;
				TARGETED_DEVICE_FAMILY = "1,2";
			};
			name = Release;
		};
/* End XCBuildConfiguration section */

/* Begin XCConfigurationList section */
		8878DBAF27B0B2A300676D03 /* Build configuration list for PBXProject "spotifiy-app" */ = {
			isa = XCConfigurationList;
			buildConfigurations = (
				8878DBC627B0B2A700676D03 /* Debug */,
				8878DBC727B0B2A700676D03 /* Release */,
			);
			defaultConfigurationIsVisible = 0;
			defaultConfigurationName = Release;
		};
		8878DBC827B0B2A700676D03 /* Build configuration list for PBXNativeTarget "spotifiy-app" */ = {
			isa = XCConfigurationList;
			buildConfigurations = (
				8878DBC927B0B2A700676D03 /* Debug */,
				8878DBCA27B0B2A700676D03 /* Release */,
			);
			defaultConfigurationIsVisible = 0;
			defaultConfigurationName = Release;
		};
/* End XCConfigurationList section */
	};
	rootObject = 8878DBAC27B0B2A300676D03 /* Project object */;
}
